
Microsoft Visual Studio Solution File, Format Version 12.00
# Visual Studio Version 17
VisualStudioVersion = 17.10.34916.146
MinimumVisualStudioVersion = 10.0.40219.1
Project("{8BC9CEB8-8B4A-11D0-8D11-00A0C91BC942}") = "BOJ_3035", "BOJ_3035.vcxproj", "{6F7A3F09-3EF4-4832-89E4-3FA6918E39A3}"
EndProject
Global
	GlobalSection(SolutionConfigurationPlatforms) = preSolution
		Debug|x64 = Debug|x64
		Release|x64 = Release|x64
	EndGlobalSection
	GlobalSection(ProjectConfigurationPlatforms) = postSolution
		{6F7A3F09-3EF4-4832-89E4-3FA6918E39A3}.Debug|x64.ActiveCfg = Debug|x64
		{6F7A3F09-3EF4-4832-89E4-3FA6918E39A3}.Debug|x64.Build.0 = Debug|x64
		{6F7A3F09-3EF4-4832-89E4-3FA6918E39A3}.Release|x64.ActiveCfg = Release|x64
		{6F7A3F09-3EF4-4832-89E4-3FA6918E39A3}.Release|x64.Build.0 = Release|x64
	EndGlobalSection
	GlobalSection(SolutionProperties) = preSolution
		HideSolutionNode = FALSE
	EndGlobalSection
	GlobalSection(ExtensibilityGlobals) = postSolution
		SolutionGuid = {16F81716-37CF-4E81-96EF-48DC5DA3CB6F}
	EndGlobalSection
EndGlobal
